{
  "name": "mail",
  "version": "1.0.0",
  "lockfileVersion": 1,
  "requires": true,
  "dependencies": {
    "minimist": {
      "version": "0.0.10",
      "resolved": "http://132.122.232.223:4873/minimist/-/minimist-0.0.10.tgz",
      "integrity": "sha1-3j+YVD2/lggr5IrRoMfNqDYwHc8="
    },
    "optimist": {
      "version": "0.6.1",
      "resolved": "http://132.122.232.223:4873/optimist/-/optimist-0.6.1.tgz",
      "integrity": "sha1-2j6nRob6IaGaERwybpDrFaAZZoY=",
      "requires": {
        "minimist": "0.0.10",
        "wordwrap": "0.0.3"
      }
    },
    "poplib": {
      "version": "0.1.7",
      "resolved": "http://132.122.232.223:4873/poplib/-/poplib-0.1.7.tgz",
      "integrity": "sha1-L0tYtVkpcjUM2X9IKrpo+OBVdLw=",
      "requires": {
        "optimist": "0.6.1"
      }
    },
    "wordwrap": {
      "version": "0.0.3",
      "resolved": "http://132.122.232.223:4873/wordwrap/-/wordwrap-0.0.3.tgz",
      "integrity": "sha1-o9XabNXAvAAI03I0u68b7WMFkQc="
    }
  }
}
